// !$*UTF8*$!
{
	archiveVersion = 1;
	classes = {
	};
	objectVersion = 56;
	objects = {

/* Begin PBXBuildFile section */
		1F16074D2A9D595000C751F2 /* FirebaseFirestoreSwift in Frameworks */ = {isa = PBXBuildFile; productRef = 1F16074C2A9D595000C751F2 /* FirebaseFirestoreSwift */; };
		1F395D562A9A4143004461C4 /* ToDoAppApp.swift in Sources */ = {isa = PBXBuildFile; fileRef = 1F395D552A9A4143004461C4 /* ToDoAppApp.swift */; };
		1F395D582A9A4143004461C4 /* ContentView.swift in Sources */ = {isa = PBXBuildFile; fileRef = 1F395D572A9A4143004461C4 /* ContentView.swift */; };
		1F395D5A2A9A4144004461C4 /* Assets.xcassets in Resources */ = {isa = PBXBuildFile; fileRef = 1F395D592A9A4144004461C4 /* Assets.xcassets */; };
		1F395D5D2A9A4144004461C4 /* Preview Assets.xcassets in Resources */ = {isa = PBXBuildFile; fileRef = 1F395D5C2A9A4144004461C4 /* Preview Assets.xcassets */; };
		1F395D672A9A4145004461C4 /* ToDoAppTests.swift in Sources */ = {isa = PBXBuildFile; fileRef = 1F395D662A9A4145004461C4 /* ToDoAppTests.swift */; };
		1F395D712A9A4145004461C4 /* ToDoAppUITests.swift in Sources */ = {isa = PBXBuildFile; fileRef = 1F395D702A9A4145004461C4 /* ToDoAppUITests.swift */; };
		1F395D732A9A4145004461C4 /* ToDoAppUITestsLaunchTests.swift in Sources */ = {isa = PBXBuildFile; fileRef = 1F395D722A9A4145004461C4 /* ToDoAppUITestsLaunchTests.swift */; };
		1F395D852A9A4352004461C4 /* MainView.swift in Sources */ = {isa = PBXBuildFile; fileRef = 1F395D842A9A4352004461C4 /* MainView.swift */; };
		1F395D872A9A4367004461C4 /* ProfileView.swift in Sources */ = {isa = PBXBuildFile; fileRef = 1F395D862A9A4367004461C4 /* ProfileView.swift */; };
		1F395D892A9A4387004461C4 /* ToDoListView.swift in Sources */ = {isa = PBXBuildFile; fileRef = 1F395D882A9A4387004461C4 /* ToDoListView.swift */; };
		1F395D8B2A9A439D004461C4 /* LoginView.swift in Sources */ = {isa = PBXBuildFile; fileRef = 1F395D8A2A9A439D004461C4 /* LoginView.swift */; };
		1F395D8D2A9A43D7004461C4 /* User.swift in Sources */ = {isa = PBXBuildFile; fileRef = 1F395D8C2A9A43D7004461C4 /* User.swift */; };
		1F395D8F2A9A43EE004461C4 /* ToDoListItem.swift in Sources */ = {isa = PBXBuildFile; fileRef = 1F395D8E2A9A43EE004461C4 /* ToDoListItem.swift */; };
		1F395D912A9A4413004461C4 /* RegisterView.swift in Sources */ = {isa = PBXBuildFile; fileRef = 1F395D902A9A4413004461C4 /* RegisterView.swift */; };
		1F395D932A9A4440004461C4 /* NewItemView.swift in Sources */ = {isa = PBXBuildFile; fileRef = 1F395D922A9A4440004461C4 /* NewItemView.swift */; };
		1F395D952A9A446B004461C4 /* ToDoListItemView.swift in Sources */ = {isa = PBXBuildFile; fileRef = 1F395D942A9A446B004461C4 /* ToDoListItemView.swift */; };
		1F395D972A9A44D3004461C4 /* MainViewModel.swift in Sources */ = {isa = PBXBuildFile; fileRef = 1F395D962A9A44D3004461C4 /* MainViewModel.swift */; };
		1F395D992A9A44F1004461C4 /* ProfileViewModel.swift in Sources */ = {isa = PBXBuildFile; fileRef = 1F395D982A9A44F1004461C4 /* ProfileViewModel.swift */; };
		1F395D9B2A9A4501004461C4 /* ToDoListViewModel.swift in Sources */ = {isa = PBXBuildFile; fileRef = 1F395D9A2A9A4501004461C4 /* ToDoListViewModel.swift */; };
		1F395D9D2A9A4514004461C4 /* LoginViewModel.swift in Sources */ = {isa = PBXBuildFile; fileRef = 1F395D9C2A9A4514004461C4 /* LoginViewModel.swift */; };
		1F395D9F2A9A452A004461C4 /* RegisterViewModel.swift in Sources */ = {isa = PBXBuildFile; fileRef = 1F395D9E2A9A452A004461C4 /* RegisterViewModel.swift */; };
		1F395DA12A9A4539004461C4 /* NewItemViewModel.swift in Sources */ = {isa = PBXBuildFile; fileRef = 1F395DA02A9A4539004461C4 /* NewItemViewModel.swift */; };
		1F395DA32A9A4546004461C4 /* ToDoListItemViewModel.swift in Sources */ = {isa = PBXBuildFile; fileRef = 1F395DA22A9A4546004461C4 /* ToDoListItemViewModel.swift */; };
		1F395DA52A9ABAC6004461C4 /* HeaderView.swift in Sources */ = {isa = PBXBuildFile; fileRef = 1F395DA42A9ABAC6004461C4 /* HeaderView.swift */; };
		1FCA07822A9BF0BD00B62B3C /* TLButton.swift in Sources */ = {isa = PBXBuildFile; fileRef = 1FCA07812A9BF0BD00B62B3C /* TLButton.swift */; };
		1FCA07842A9C1C7700B62B3C /* GoogleService-Info.plist in Resources */ = {isa = PBXBuildFile; fileRef = 1FCA07832A9C1C7700B62B3C /* GoogleService-Info.plist */; };
		1FCA07872A9C2C0500B62B3C /* Extensions.swift in Sources */ = {isa = PBXBuildFile; fileRef = 1FCA07862A9C2C0500B62B3C /* Extensions.swift */; };
		1FCA078A2A9C319F00B62B3C /* FirebaseFirestore in Frameworks */ = {isa = PBXBuildFile; productRef = 1FCA07892A9C319F00B62B3C /* FirebaseFirestore */; };
		1FCA078C2A9C321D00B62B3C /* FirebaseAuth in Frameworks */ = {isa = PBXBuildFile; productRef = 1FCA078B2A9C321D00B62B3C /* FirebaseAuth */; };
/* End PBXBuildFile section */

/* Begin PBXContainerItemProxy section */
		1F395D632A9A4145004461C4 /* PBXContainerItemProxy */ = {
			isa = PBXContainerItemProxy;
			containerPortal = 1F395D4A2A9A4143004461C4 /* Project object */;
			proxyType = 1;
			remoteGlobalIDString = 1F395D512A9A4143004461C4;
			remoteInfo = ToDoApp;
		};
		1F395D6D2A9A4145004461C4 /* PBXContainerItemProxy */ = {
			isa = PBXContainerItemProxy;
			containerPortal = 1F395D4A2A9A4143004461C4 /* Project object */;
			proxyType = 1;
			remoteGlobalIDString = 1F395D512A9A4143004461C4;
			remoteInfo = ToDoApp;
		};
/* End PBXContainerItemProxy section */

/* Begin PBXFileReference section */
		1F395D522A9A4143004461C4 /* ToDoApp.app */ = {isa = PBXFileReference; explicitFileType = wrapper.application; includeInIndex = 0; path = ToDoApp.app; sourceTree = BUILT_PRODUCTS_DIR; };
		1F395D552A9A4143004461C4 /* ToDoAppApp.swift */ = {isa = PBXFileReference; lastKnownFileType = sourcecode.swift; path = ToDoAppApp.swift; sourceTree = "<group>"; };
		1F395D572A9A4143004461C4 /* ContentView.swift */ = {isa = PBXFileReference; lastKnownFileType = sourcecode.swift; path = ContentView.swift; sourceTree = "<group>"; };
		1F395D592A9A4144004461C4 /* Assets.xcassets */ = {isa = PBXFileReference; lastKnownFileType = folder.assetcatalog; path = Assets.xcassets; sourceTree = "<group>"; };
		1F395D5C2A9A4144004461C4 /* Preview Assets.xcassets */ = {isa = PBXFileReference; lastKnownFileType = folder.assetcatalog; path = "Preview Assets.xcassets"; sourceTree = "<group>"; };
		1F395D622A9A4145004461C4 /* ToDoAppTests.xctest */ = {isa = PBXFileReference; explicitFileType = wrapper.cfbundle; includeInIndex = 0; path = ToDoAppTests.xctest; sourceTree = BUILT_PRODUCTS_DIR; };
		1F395D662A9A4145004461C4 /* ToDoAppTests.swift */ = {isa = PBXFileReference; lastKnownFileType = sourcecode.swift; path = ToDoAppTests.swift; sourceTree = "<group>"; };
		1F395D6C2A9A4145004461C4 /* ToDoAppUITests.xctest */ = {isa = PBXFileReference; explicitFileType = wrapper.cfbundle; includeInIndex = 0; path = ToDoAppUITests.xctest; sourceTree = BUILT_PRODUCTS_DIR; };
		1F395D702A9A4145004461C4 /* ToDoAppUITests.swift */ = {isa = PBXFileReference; lastKnownFileType = sourcecode.swift; path = ToDoAppUITests.swift; sourceTree = "<group>"; };
		1F395D722A9A4145004461C4 /* ToDoAppUITestsLaunchTests.swift */ = {isa = PBXFileReference; lastKnownFileType = sourcecode.swift; path = ToDoAppUITestsLaunchTests.swift; sourceTree = "<group>"; };
		1F395D842A9A4352004461C4 /* MainView.swift */ = {isa = PBXFileReference; lastKnownFileType = sourcecode.swift; path = MainView.swift; sourceTree = "<group>"; };
		1F395D862A9A4367004461C4 /* ProfileView.swift */ = {isa = PBXFileReference; lastKnownFileType = sourcecode.swift; path = ProfileView.swift; sourceTree = "<group>"; };
		1F395D882A9A4387004461C4 /* ToDoListView.swift */ = {isa = PBXFileReference; lastKnownFileType = sourcecode.swift; path = ToDoListView.swift; sourceTree = "<group>"; };
		1F395D8A2A9A439D004461C4 /* LoginView.swift */ = {isa = PBXFileReference; lastKnownFileType = sourcecode.swift; path = LoginView.swift; sourceTree = "<group>"; };
		1F395D8C2A9A43D7004461C4 /* User.swift */ = {isa = PBXFileReference; lastKnownFileType = sourcecode.swift; path = User.swift; sourceTree = "<group>"; };
		1F395D8E2A9A43EE004461C4 /* ToDoListItem.swift */ = {isa = PBXFileReference; lastKnownFileType = sourcecode.swift; path = ToDoListItem.swift; sourceTree = "<group>"; };
		1F395D902A9A4413004461C4 /* RegisterView.swift */ = {isa = PBXFileReference; lastKnownFileType = sourcecode.swift; path = RegisterView.swift; sourceTree = "<group>"; };
		1F395D922A9A4440004461C4 /* NewItemView.swift */ = {isa = PBXFileReference; lastKnownFileType = sourcecode.swift; path = NewItemView.swift; sourceTree = "<group>"; };
		1F395D942A9A446B004461C4 /* ToDoListItemView.swift */ = {isa = PBXFileReference; lastKnownFileType = sourcecode.swift; path = ToDoListItemView.swift; sourceTree = "<group>"; };
		1F395D962A9A44D3004461C4 /* MainViewModel.swift */ = {isa = PBXFileReference; lastKnownFileType = sourcecode.swift; path = MainViewModel.swift; sourceTree = "<group>"; };
		1F395D982A9A44F1004461C4 /* ProfileViewModel.swift */ = {isa = PBXFileReference; lastKnownFileType = sourcecode.swift; path = ProfileViewModel.swift; sourceTree = "<group>"; };
		1F395D9A2A9A4501004461C4 /* ToDoListViewModel.swift */ = {isa = PBXFileReference; lastKnownFileType = sourcecode.swift; path = ToDoListViewModel.swift; sourceTree = "<group>"; };
		1F395D9C2A9A4514004461C4 /* LoginViewModel.swift */ = {isa = PBXFileReference; lastKnownFileType = sourcecode.swift; path = LoginViewModel.swift; sourceTree = "<group>"; };
		1F395D9E2A9A452A004461C4 /* RegisterViewModel.swift */ = {isa = PBXFileReference; lastKnownFileType = sourcecode.swift; path = RegisterViewModel.swift; sourceTree = "<group>"; };
		1F395DA02A9A4539004461C4 /* NewItemViewModel.swift */ = {isa = PBXFileReference; lastKnownFileType = sourcecode.swift; path = NewItemViewModel.swift; sourceTree = "<group>"; };
		1F395DA22A9A4546004461C4 /* ToDoListItemViewModel.swift */ = {isa = PBXFileReference; lastKnownFileType = sourcecode.swift; path = ToDoListItemViewModel.swift; sourceTree = "<group>"; };
		1F395DA42A9ABAC6004461C4 /* HeaderView.swift */ = {isa = PBXFileReference; lastKnownFileType = sourcecode.swift; path = HeaderView.swift; sourceTree = "<group>"; };
		1FCA07812A9BF0BD00B62B3C /* TLButton.swift */ = {isa = PBXFileReference; lastKnownFileType = sourcecode.swift; path = TLButton.swift; sourceTree = "<group>"; };
		1FCA07832A9C1C7700B62B3C /* GoogleService-Info.plist */ = {isa = PBXFileReference; fileEncoding = 4; lastKnownFileType = text.plist.xml; path = "GoogleService-Info.plist"; sourceTree = "<group>"; };
		1FCA07862A9C2C0500B62B3C /* Extensions.swift */ = {isa = PBXFileReference; lastKnownFileType = sourcecode.swift; path = Extensions.swift; sourceTree = "<group>"; };
/* End PBXFileReference section */

/* Begin PBXFrameworksBuildPhase section */
		1F395D4F2A9A4143004461C4 /* Frameworks */ = {
			isa = PBXFrameworksBuildPhase;
			buildActionMask = 2147483647;
			files = (
				1FCA078A2A9C319F00B62B3C /* FirebaseFirestore in Frameworks */,
				1FCA078C2A9C321D00B62B3C /* FirebaseAuth in Frameworks */,
				1F16074D2A9D595000C751F2 /* FirebaseFirestoreSwift in Frameworks */,
			);
			runOnlyForDeploymentPostprocessing = 0;
		};
		1F395D5F2A9A4145004461C4 /* Frameworks */ = {
			isa = PBXFrameworksBuildPhase;
			buildActionMask = 2147483647;
			files = (
			);
			runOnlyForDeploymentPostprocessing = 0;
		};
		1F395D692A9A4145004461C4 /* Frameworks */ = {
			isa = PBXFrameworksBuildPhase;
			buildActionMask = 2147483647;
			files = (
			);
			runOnlyForDeploymentPostprocessing = 0;
		};
/* End PBXFrameworksBuildPhase section */

/* Begin PBXGroup section */
		1F395D492A9A4143004461C4 = {
			isa = PBXGroup;
			children = (
				1FCA07832A9C1C7700B62B3C /* GoogleService-Info.plist */,
				1F395D542A9A4143004461C4 /* ToDoApp */,
				1F395D652A9A4145004461C4 /* ToDoAppTests */,
				1F395D6F2A9A4145004461C4 /* ToDoAppUITests */,
				1F395D532A9A4143004461C4 /* Products */,
				1FCA07882A9C319F00B62B3C /* Frameworks */,
			);
			sourceTree = "<group>";
		};
		1F395D532A9A4143004461C4 /* Products */ = {
			isa = PBXGroup;
			children = (
				1F395D522A9A4143004461C4 /* ToDoApp.app */,
				1F395D622A9A4145004461C4 /* ToDoAppTests.xctest */,
				1F395D6C2A9A4145004461C4 /* ToDoAppUITests.xctest */,
			);
			name = Products;
			sourceTree = "<group>";
		};
		1F395D542A9A4143004461C4 /* ToDoApp */ = {
			isa = PBXGroup;
			children = (
				1FCA07862A9C2C0500B62B3C /* Extensions.swift */,
				1F395D812A9A42E5004461C4 /* Model */,
				1F395D802A9A42D9004461C4 /* ViewModel */,
				1F395D7F2A9A42CB004461C4 /* View */,
				1F395D552A9A4143004461C4 /* ToDoAppApp.swift */,
				1F395D572A9A4143004461C4 /* ContentView.swift */,
				1F395D592A9A4144004461C4 /* Assets.xcassets */,
				1F395D5B2A9A4144004461C4 /* Preview Content */,
			);
			path = ToDoApp;
			sourceTree = "<group>";
		};
		1F395D5B2A9A4144004461C4 /* Preview Content */ = {
			isa = PBXGroup;
			children = (
				1F395D5C2A9A4144004461C4 /* Preview Assets.xcassets */,
			);
			path = "Preview Content";
			sourceTree = "<group>";
		};
		1F395D652A9A4145004461C4 /* ToDoAppTests */ = {
			isa = PBXGroup;
			children = (
				1F395D662A9A4145004461C4 /* ToDoAppTests.swift */,
			);
			path = ToDoAppTests;
			sourceTree = "<group>";
		};
		1F395D6F2A9A4145004461C4 /* ToDoAppUITests */ = {
			isa = PBXGroup;
			children = (
				1F395D702A9A4145004461C4 /* ToDoAppUITests.swift */,
				1F395D722A9A4145004461C4 /* ToDoAppUITestsLaunchTests.swift */,
			);
			path = ToDoAppUITests;
			sourceTree = "<group>";
		};
		1F395D7F2A9A42CB004461C4 /* View */ = {
			isa = PBXGroup;
			children = (
				1F395D842A9A4352004461C4 /* MainView.swift */,
				1F395D862A9A4367004461C4 /* ProfileView.swift */,
				1F395D882A9A4387004461C4 /* ToDoListView.swift */,
				1F395D8A2A9A439D004461C4 /* LoginView.swift */,
				1F395D902A9A4413004461C4 /* RegisterView.swift */,
				1F395D922A9A4440004461C4 /* NewItemView.swift */,
				1F395D942A9A446B004461C4 /* ToDoListItemView.swift */,
				1F395DA42A9ABAC6004461C4 /* HeaderView.swift */,
				1FCA07812A9BF0BD00B62B3C /* TLButton.swift */,
			);
			path = View;
			sourceTree = "<group>";
		};
		1F395D802A9A42D9004461C4 /* ViewModel */ = {
			isa = PBXGroup;
			children = (
				1F395D962A9A44D3004461C4 /* MainViewModel.swift */,
				1F395D982A9A44F1004461C4 /* ProfileViewModel.swift */,
				1F395D9A2A9A4501004461C4 /* ToDoListViewModel.swift */,
				1F395D9C2A9A4514004461C4 /* LoginViewModel.swift */,
				1F395D9E2A9A452A004461C4 /* RegisterViewModel.swift */,
				1F395DA02A9A4539004461C4 /* NewItemViewModel.swift */,
				1F395DA22A9A4546004461C4 /* ToDoListItemViewModel.swift */,
			);
			path = ViewModel;
			sourceTree = "<group>";
		};
		1F395D812A9A42E5004461C4 /* Model */ = {
			isa = PBXGroup;
			children = (
				1F395D8C2A9A43D7004461C4 /* User.swift */,
				1F395D8E2A9A43EE004461C4 /* ToDoListItem.swift */,
			);
			path = Model;
			sourceTree = "<group>";
		};
		1FCA07882A9C319F00B62B3C /* Frameworks */ = {
			isa = PBXGroup;
			children = (
			);
			name = Frameworks;
			sourceTree = "<group>";
		};
/* End PBXGroup section */

/* Begin PBXNativeTarget section */
		1F395D512A9A4143004461C4 /* ToDoApp */ = {
			isa = PBXNativeTarget;
			buildConfigurationList = 1F395D762A9A4145004461C4 /* Build configuration list for PBXNativeTarget "ToDoApp" */;
			buildPhases = (
				1F395D4E2A9A4143004461C4 /* Sources */,
				1F395D4F2A9A4143004461C4 /* Frameworks */,
				1F395D502A9A4143004461C4 /* Resources */,
			);
			buildRules = (
			);
			dependencies = (
			);
			name = ToDoApp;
			packageProductDependencies = (
				1FCA07892A9C319F00B62B3C /* FirebaseFirestore */,
				1FCA078B2A9C321D00B62B3C /* FirebaseAuth */,
				1F16074C2A9D595000C751F2 /* FirebaseFirestoreSwift */,
			);
			productName = ToDoApp;
			productReference = 1F395D522A9A4143004461C4 /* ToDoApp.app */;
			productType = "com.apple.product-type.application";
		};
		1F395D612A9A4145004461C4 /* ToDoAppTests */ = {
			isa = PBXNativeTarget;
			buildConfigurationList = 1F395D792A9A4145004461C4 /* Build configuration list for PBXNativeTarget "ToDoAppTests" */;
			buildPhases = (
				1F395D5E2A9A4145004461C4 /* Sources */,
				1F395D5F2A9A4145004461C4 /* Frameworks */,
				1F395D602A9A4145004461C4 /* Resources */,
			);
			buildRules = (
			);
			dependencies = (
				1F395D642A9A4145004461C4 /* PBXTargetDependency */,
			);
			name = ToDoAppTests;
			productName = ToDoAppTests;
			productReference = 1F395D622A9A4145004461C4 /* ToDoAppTests.xctest */;
			productType = "com.apple.product-type.bundle.unit-test";
		};
		1F395D6B2A9A4145004461C4 /* ToDoAppUITests */ = {
			isa = PBXNativeTarget;
			buildConfigurationList = 1F395D7C2A9A4145004461C4 /* Build configuration list for PBXNativeTarget "ToDoAppUITests" */;
			buildPhases = (
				1F395D682A9A4145004461C4 /* Sources */,
				1F395D692A9A4145004461C4 /* Frameworks */,
				1F395D6A2A9A4145004461C4 /* Resources */,
			);
			buildRules = (
			);
			dependencies = (
				1F395D6E2A9A4145004461C4 /* PBXTargetDependency */,
			);
			name = ToDoAppUITests;
			productName = ToDoAppUITests;
			productReference = 1F395D6C2A9A4145004461C4 /* ToDoAppUITests.xctest */;
			productType = "com.apple.product-type.bundle.ui-testing";
		};
/* End PBXNativeTarget section */

/* Begin PBXProject section */
		1F395D4A2A9A4143004461C4 /* Project object */ = {
			isa = PBXProject;
			attributes = {
				BuildIndependentTargetsInParallel = 1;
				LastSwiftUpdateCheck = 1410;
				LastUpgradeCheck = 1410;
				TargetAttributes = {
					1F395D512A9A4143004461C4 = {
						CreatedOnToolsVersion = 14.1;
					};
					1F395D612A9A4145004461C4 = {
						CreatedOnToolsVersion = 14.1;
						TestTargetID = 1F395D512A9A4143004461C4;
					};
					1F395D6B2A9A4145004461C4 = {
						CreatedOnToolsVersion = 14.1;
						TestTargetID = 1F395D512A9A4143004461C4;
					};
				};
			};
			buildConfigurationList = 1F395D4D2A9A4143004461C4 /* Build configuration list for PBXProject "ToDoApp" */;
			compatibilityVersion = "Xcode 14.0";
			developmentRegion = en;
			hasScannedForEncodings = 0;
			knownRegions = (
				en,
				Base,
			);
			mainGroup = 1F395D492A9A4143004461C4;
			packageReferences = (
				1FCA07852A9C202700B62B3C /* XCRemoteSwiftPackageReference "firebase-ios-sdk" */,
			);
			productRefGroup = 1F395D532A9A4143004461C4 /* Products */;
			projectDirPath = "";
			projectRoot = "";
			targets = (
				1F395D512A9A4143004461C4 /* ToDoApp */,
				1F395D612A9A4145004461C4 /* ToDoAppTests */,
				1F395D6B2A9A4145004461C4 /* ToDoAppUITests */,
			);
		};
/* End PBXProject section */

/* Begin PBXResourcesBuildPhase section */
		1F395D502A9A4143004461C4 /* Resources */ = {
			isa = PBXResourcesBuildPhase;
			buildActionMask = 2147483647;
			files = (
				1F395D5D2A9A4144004461C4 /* Preview Assets.xcassets in Resources */,
				1F395D5A2A9A4144004461C4 /* Assets.xcassets in Resources */,
				1FCA07842A9C1C7700B62B3C /* GoogleService-Info.plist in Resources */,
			);
			runOnlyForDeploymentPostprocessing = 0;
		};
		1F395D602A9A4145004461C4 /* Resources */ = {
			isa = PBXResourcesBuildPhase;
			buildActionMask = 2147483647;
			files = (
			);
			runOnlyForDeploymentPostprocessing = 0;
		};
		1F395D6A2A9A4145004461C4 /* Resources */ = {
			isa = PBXResourcesBuildPhase;
			buildActionMask = 2147483647;
			files = (
			);
			runOnlyForDeploymentPostprocessing = 0;
		};
/* End PBXResourcesBuildPhase section */

/* Begin PBXSourcesBuildPhase section */
		1F395D4E2A9A4143004461C4 /* Sources */ = {
			isa = PBXSourcesBuildPhase;
			buildActionMask = 2147483647;
			files = (
				1F395D9B2A9A4501004461C4 /* ToDoListViewModel.swift in Sources */,
				1F395D912A9A4413004461C4 /* RegisterView.swift in Sources */,
				1F395D8B2A9A439D004461C4 /* LoginView.swift in Sources */,
				1F395D9F2A9A452A004461C4 /* RegisterViewModel.swift in Sources */,
				1F395D872A9A4367004461C4 /* ProfileView.swift in Sources */,
				1F395D582A9A4143004461C4 /* ContentView.swift in Sources */,
				1F395DA52A9ABAC6004461C4 /* HeaderView.swift in Sources */,
				1F395D852A9A4352004461C4 /* MainView.swift in Sources */,
				1F395DA12A9A4539004461C4 /* NewItemViewModel.swift in Sources */,
				1FCA07822A9BF0BD00B62B3C /* TLButton.swift in Sources */,
				1F395D562A9A4143004461C4 /* ToDoAppApp.swift in Sources */,
				1F395D892A9A4387004461C4 /* ToDoListView.swift in Sources */,
				1F395D9D2A9A4514004461C4 /* LoginViewModel.swift in Sources */,
				1FCA07872A9C2C0500B62B3C /* Extensions.swift in Sources */,
				1F395D8F2A9A43EE004461C4 /* ToDoListItem.swift in Sources */,
				1F395D932A9A4440004461C4 /* NewItemView.swift in Sources */,
				1F395DA32A9A4546004461C4 /* ToDoListItemViewModel.swift in Sources */,
				1F395D952A9A446B004461C4 /* ToDoListItemView.swift in Sources */,
				1F395D992A9A44F1004461C4 /* ProfileViewModel.swift in Sources */,
				1F395D8D2A9A43D7004461C4 /* User.swift in Sources */,
				1F395D972A9A44D3004461C4 /* MainViewModel.swift in Sources */,
			);
			runOnlyForDeploymentPostprocessing = 0;
		};
		1F395D5E2A9A4145004461C4 /* Sources */ = {
			isa = PBXSourcesBuildPhase;
			buildActionMask = 2147483647;
			files = (
				1F395D672A9A4145004461C4 /* ToDoAppTests.swift in Sources */,
			);
			runOnlyForDeploymentPostprocessing = 0;
		};
		1F395D682A9A4145004461C4 /* Sources */ = {
			isa = PBXSourcesBuildPhase;
			buildActionMask = 2147483647;
			files = (
				1F395D732A9A4145004461C4 /* ToDoAppUITestsLaunchTests.swift in Sources */,
				1F395D712A9A4145004461C4 /* ToDoAppUITests.swift in Sources */,
			);
			runOnlyForDeploymentPostprocessing = 0;
		};
/* End PBXSourcesBuildPhase section */

/* Begin PBXTargetDependency section */
		1F395D642A9A4145004461C4 /* PBXTargetDependency */ = {
			isa = PBXTargetDependency;
			target = 1F395D512A9A4143004461C4 /* ToDoApp */;
			targetProxy = 1F395D632A9A4145004461C4 /* PBXContainerItemProxy */;
		};
		1F395D6E2A9A4145004461C4 /* PBXTargetDependency */ = {
			isa = PBXTargetDependency;
			target = 1F395D512A9A4143004461C4 /* ToDoApp */;
			targetProxy = 1F395D6D2A9A4145004461C4 /* PBXContainerItemProxy */;
		};
/* End PBXTargetDependency section */

/* Begin XCBuildConfiguration section */
		1F395D742A9A4145004461C4 /* Debug */ = {
			isa = XCBuildConfiguration;
			buildSettings = {
				ALWAYS_SEARCH_USER_PATHS = NO;
				CLANG_ANALYZER_NONNULL = YES;
				CLANG_ANALYZER_NUMBER_OBJECT_CONVERSION = YES_AGGRESSIVE;
				CLANG_CXX_LANGUAGE_STANDARD = "gnu++20";
				CLANG_ENABLE_MODULES = YES;
				CLANG_ENABLE_OBJC_ARC = YES;
				CLANG_ENABLE_OBJC_WEAK = YES;
				CLANG_WARN_BLOCK_CAPTURE_AUTORELEASING = YES;
				CLANG_WARN_BOOL_CONVERSION = YES;
				CLANG_WARN_COMMA = YES;
				CLANG_WARN_CONSTANT_CONVERSION = YES;
				CLANG_WARN_DEPRECATED_OBJC_IMPLEMENTATIONS = YES;
				CLANG_WARN_DIRECT_OBJC_ISA_USAGE = YES_ERROR;
				CLANG_WARN_DOCUMENTATION_COMMENTS = YES;
				CLANG_WARN_EMPTY_BODY = YES;
				CLANG_WARN_ENUM_CONVERSION = YES;
				CLANG_WARN_INFINITE_RECURSION = YES;
				CLANG_WARN_INT_CONVERSION = YES;
				CLANG_WARN_NON_LITERAL_NULL_CONVERSION = YES;
				CLANG_WARN_OBJC_IMPLICIT_RETAIN_SELF = YES;
				CLANG_WARN_OBJC_LITERAL_CONVERSION = YES;
				CLANG_WARN_OBJC_ROOT_CLASS = YES_ERROR;
				CLANG_WARN_QUOTED_INCLUDE_IN_FRAMEWORK_HEADER = YES;
				CLANG_WARN_RANGE_LOOP_ANALYSIS = YES;
				CLANG_WARN_STRICT_PROTOTYPES = YES;
				CLANG_WARN_SUSPICIOUS_MOVE = YES;
				CLANG_WARN_UNGUARDED_AVAILABILITY = YES_AGGRESSIVE;
				CLANG_WARN_UNREACHABLE_CODE = YES;
				CLANG_WARN__DUPLICATE_METHOD_MATCH = YES;
				COPY_PHASE_STRIP = NO;
				DEBUG_INFORMATION_FORMAT = dwarf;
				ENABLE_STRICT_OBJC_MSGSEND = YES;
				ENABLE_TESTABILITY = YES;
				GCC_C_LANGUAGE_STANDARD = gnu11;
				GCC_DYNAMIC_NO_PIC = NO;
				GCC_NO_COMMON_BLOCKS = YES;
				GCC_OPTIMIZATION_LEVEL = 0;
				GCC_PREPROCESSOR_DEFINITIONS = (
					"DEBUG=1",
					"$(inherited)",
				);
				GCC_WARN_64_TO_32_BIT_CONVERSION = YES;
				GCC_WARN_ABOUT_RETURN_TYPE = YES_ERROR;
				GCC_WARN_UNDECLARED_SELECTOR = YES;
				GCC_WARN_UNINITIALIZED_AUTOS = YES_AGGRESSIVE;
				GCC_WARN_UNUSED_FUNCTION = YES;
				GCC_WARN_UNUSED_VARIABLE = YES;
				IPHONEOS_DEPLOYMENT_TARGET = 16.1;
				MTL_ENABLE_DEBUG_INFO = INCLUDE_SOURCE;
				MTL_FAST_MATH = YES;
				ONLY_ACTIVE_ARCH = YES;
				SDKROOT = iphoneos;
				SWIFT_ACTIVE_COMPILATION_CONDITIONS = DEBUG;
				SWIFT_OPTIMIZATION_LEVEL = "-Onone";
			};
			name = Debug;
		};
		1F395D752A9A4145004461C4 /* Release */ = {
			isa = XCBuildConfiguration;
			buildSettings = {
				ALWAYS_SEARCH_USER_PATHS = NO;
				CLANG_ANALYZER_NONNULL = YES;
				CLANG_ANALYZER_NUMBER_OBJECT_CONVERSION = YES_AGGRESSIVE;
				CLANG_CXX_LANGUAGE_STANDARD = "gnu++20";
				CLANG_ENABLE_MODULES = YES;
				CLANG_ENABLE_OBJC_ARC = YES;
				CLANG_ENABLE_OBJC_WEAK = YES;
				CLANG_WARN_BLOCK_CAPTURE_AUTORELEASING = YES;
				CLANG_WARN_BOOL_CONVERSION = YES;
				CLANG_WARN_COMMA = YES;
				CLANG_WARN_CONSTANT_CONVERSION = YES;
				CLANG_WARN_DEPRECATED_OBJC_IMPLEMENTATIONS = YES;
				CLANG_WARN_DIRECT_OBJC_ISA_USAGE = YES_ERROR;
				CLANG_WARN_DOCUMENTATION_COMMENTS = YES;
				CLANG_WARN_EMPTY_BODY = YES;
				CLANG_WARN_ENUM_CONVERSION = YES;
				CLANG_WARN_INFINITE_RECURSION = YES;
				CLANG_WARN_INT_CONVERSION = YES;
				CLANG_WARN_NON_LITERAL_NULL_CONVERSION = YES;
				CLANG_WARN_OBJC_IMPLICIT_RETAIN_SELF = YES;
				CLANG_WARN_OBJC_LITERAL_CONVERSION = YES;
				CLANG_WARN_OBJC_ROOT_CLASS = YES_ERROR;
				CLANG_WARN_QUOTED_INCLUDE_IN_FRAMEWORK_HEADER = YES;
				CLANG_WARN_RANGE_LOOP_ANALYSIS = YES;
				CLANG_WARN_STRICT_PROTOTYPES = YES;
				CLANG_WARN_SUSPICIOUS_MOVE = YES;
				CLANG_WARN_UNGUARDED_AVAILABILITY = YES_AGGRESSIVE;
				CLANG_WARN_UNREACHABLE_CODE = YES;
				CLANG_WARN__DUPLICATE_METHOD_MATCH = YES;
				COPY_PHASE_STRIP = NO;
				DEBUG_INFORMATION_FORMAT = "dwarf-with-dsym";
				ENABLE_NS_ASSERTIONS = NO;
				ENABLE_STRICT_OBJC_MSGSEND = YES;
				GCC_C_LANGUAGE_STANDARD = gnu11;
				GCC_NO_COMMON_BLOCKS = YES;
				GCC_WARN_64_TO_32_BIT_CONVERSION = YES;
				GCC_WARN_ABOUT_RETURN_TYPE = YES_ERROR;
				GCC_WARN_UNDECLARED_SELECTOR = YES;
				GCC_WARN_UNINITIALIZED_AUTOS = YES_AGGRESSIVE;
				GCC_WARN_UNUSED_FUNCTION = YES;
				GCC_WARN_UNUSED_VARIABLE = YES;
				IPHONEOS_DEPLOYMENT_TARGET = 16.1;
				MTL_ENABLE_DEBUG_INFO = NO;
				MTL_FAST_MATH = YES;
				SDKROOT = iphoneos;
				SWIFT_COMPILATION_MODE = wholemodule;
				SWIFT_OPTIMIZATION_LEVEL = "-O";
				VALIDATE_PRODUCT = YES;
			};
			name = Release;
		};
		1F395D772A9A4145004461C4 /* Debug */ = {
			isa = XCBuildConfiguration;
			buildSettings = {
				ASSETCATALOG_COMPILER_APPICON_NAME = AppIcon;
				ASSETCATALOG_COMPILER_GLOBAL_ACCENT_COLOR_NAME = AccentColor;
				CODE_SIGN_STYLE = Automatic;
				CURRENT_PROJECT_VERSION = 1;
				DEVELOPMENT_ASSET_PATHS = "\"ToDoApp/Preview Content\"";
				DEVELOPMENT_TEAM = B7PNC7LV7A;
				ENABLE_PREVIEWS = YES;
				GENERATE_INFOPLIST_FILE = YES;
				INFOPLIST_KEY_CFBundleDisplayName = "Walid TO Do";
				INFOPLIST_KEY_UIApplicationSceneManifest_Generation = YES;
				INFOPLIST_KEY_UIApplicationSupportsIndirectInputEvents = YES;
				INFOPLIST_KEY_UILaunchScreen_Generation = YES;
				INFOPLIST_KEY_UISupportedInterfaceOrientations_iPad = "UIInterfaceOrientationPortrait UIInterfaceOrientationPortraitUpsideDown UIInterfaceOrientationLandscapeLeft UIInterfaceOrientationLandscapeRight";
				INFOPLIST_KEY_UISupportedInterfaceOrientations_iPhone = "UIInterfaceOrientationPortrait UIInterfaceOrientationLandscapeLeft UIInterfaceOrientationLandscapeRight";
				LD_RUNPATH_SEARCH_PATHS = (
					"$(inherited)",
					"@executable_path/Frameworks",
				);
				MARKETING_VERSION = 1.0;
				PRODUCT_BUNDLE_IDENTIFIER = com.walid.ToDoApp;
				PRODUCT_NAME = "$(TARGET_NAME)";
				SWIFT_EMIT_LOC_STRINGS = YES;
				SWIFT_VERSION = 5.0;
				TARGETED_DEVICE_FAMILY = "1,2";
			};
			name = Debug;
		};
		1F395D782A9A4145004461C4 /* Release */ = {
			isa = XCBuildConfiguration;
			buildSettings = {
				ASSETCATALOG_COMPILER_APPICON_NAME = AppIcon;
				ASSETCATALOG_COMPILER_GLOBAL_ACCENT_COLOR_NAME = AccentColor;
				CODE_SIGN_STYLE = Automatic;
				CURRENT_PROJECT_VERSION = 1;
				DEVELOPMENT_ASSET_PATHS = "\"ToDoApp/Preview Content\"";
				DEVELOPMENT_TEAM = B7PNC7LV7A;
				ENABLE_PREVIEWS = YES;
				GENERATE_INFOPLIST_FILE = YES;
				INFOPLIST_KEY_CFBundleDisplayName = "Walid TO Do";
				INFOPLIST_KEY_UIApplicationSceneManifest_Generation = YES;
				INFOPLIST_KEY_UIApplicationSupportsIndirectInputEvents = YES;
				INFOPLIST_KEY_UILaunchScreen_Generation = YES;
				INFOPLIST_KEY_UISupportedInterfaceOrientations_iPad = "UIInterfaceOrientationPortrait UIInterfaceOrientationPortraitUpsideDown UIInterfaceOrientationLandscapeLeft UIInterfaceOrientationLandscapeRight";
				INFOPLIST_KEY_UISupportedInterfaceOrientations_iPhone = "UIInterfaceOrientationPortrait UIInterfaceOrientationLandscapeLeft UIInterfaceOrientationLandscapeRight";
				LD_RUNPATH_SEARCH_PATHS = (
					"$(inherited)",
					"@executable_path/Frameworks",
				);
				MARKETING_VERSION = 1.0;
				PRODUCT_BUNDLE_IDENTIFIER = com.walid.ToDoApp;
				PRODUCT_NAME = "$(TARGET_NAME)";
				SWIFT_EMIT_LOC_STRINGS = YES;
				SWIFT_VERSION = 5.0;
				TARGETED_DEVICE_FAMILY = "1,2";
			};
			name = Release;
		};
		1F395D7A2A9A4145004461C4 /* Debug */ = {
			isa = XCBuildConfiguration;
			buildSettings = {
				ALWAYS_EMBED_SWIFT_STANDARD_LIBRARIES = YES;
				BUNDLE_LOADER = "$(TEST_HOST)";
				CODE_SIGN_STYLE = Automatic;
				CURRENT_PROJECT_VERSION = 1;
				DEVELOPMENT_TEAM = B7PNC7LV7A;
				GENERATE_INFOPLIST_FILE = YES;
				IPHONEOS_DEPLOYMENT_TARGET = 16.1;
				MARKETING_VERSION = 1.0;
				PRODUCT_BUNDLE_IDENTIFIER = com.walid.ToDoAppTests;
				PRODUCT_NAME = "$(TARGET_NAME)";
				SWIFT_EMIT_LOC_STRINGS = NO;
				SWIFT_VERSION = 5.0;
				TARGETED_DEVICE_FAMILY = "1,2";
				TEST_HOST = "$(BUILT_PRODUCTS_DIR)/ToDoApp.app/$(BUNDLE_EXECUTABLE_FOLDER_PATH)/ToDoApp";
			};
			name = Debug;
		};
		1F395D7B2A9A4145004461C4 /* Release */ = {
			isa = XCBuildConfiguration;
			buildSettings = {
				ALWAYS_EMBED_SWIFT_STANDARD_LIBRARIES = YES;
				BUNDLE_LOADER = "$(TEST_HOST)";
				CODE_SIGN_STYLE = Automatic;
				CURRENT_PROJECT_VERSION = 1;
				DEVELOPMENT_TEAM = B7PNC7LV7A;
				GENERATE_INFOPLIST_FILE = YES;
				IPHONEOS_DEPLOYMENT_TARGET = 16.1;
				MARKETING_VERSION = 1.0;
				PRODUCT_BUNDLE_IDENTIFIER = com.walid.ToDoAppTests;
				PRODUCT_NAME = "$(TARGET_NAME)";
				SWIFT_EMIT_LOC_STRINGS = NO;
				SWIFT_VERSION = 5.0;
				TARGETED_DEVICE_FAMILY = "1,2";
				TEST_HOST = "$(BUILT_PRODUCTS_DIR)/ToDoApp.app/$(BUNDLE_EXECUTABLE_FOLDER_PATH)/ToDoApp";
			};
			name = Release;
		};
		1F395D7D2A9A4145004461C4 /* Debug */ = {
			isa = XCBuildConfiguration;
			buildSettings = {
				ALWAYS_EMBED_SWIFT_STANDARD_LIBRARIES = YES;
				CODE_SIGN_STYLE = Automatic;
				CURRENT_PROJECT_VERSION = 1;
				DEVELOPMENT_TEAM = B7PNC7LV7A;
				GENERATE_INFOPLIST_FILE = YES;
				MARKETING_VERSION = 1.0;
				PRODUCT_BUNDLE_IDENTIFIER = com.walid.ToDoAppUITests;
				PRODUCT_NAME = "$(TARGET_NAME)";
				SWIFT_EMIT_LOC_STRINGS = NO;
				SWIFT_VERSION = 5.0;
				TARGETED_DEVICE_FAMILY = "1,2";
				TEST_TARGET_NAME = ToDoApp;
			};
			name = Debug;
		};
		1F395D7E2A9A4145004461C4 /* Release */ = {
			isa = XCBuildConfiguration;
			buildSettings = {
				ALWAYS_EMBED_SWIFT_STANDARD_LIBRARIES = YES;
				CODE_SIGN_STYLE = Automatic;
				CURRENT_PROJECT_VERSION = 1;
				DEVELOPMENT_TEAM = B7PNC7LV7A;
				GENERATE_INFOPLIST_FILE = YES;
				MARKETING_VERSION = 1.0;
				PRODUCT_BUNDLE_IDENTIFIER = com.walid.ToDoAppUITests;
				PRODUCT_NAME = "$(TARGET_NAME)";
				SWIFT_EMIT_LOC_STRINGS = NO;
				SWIFT_VERSION = 5.0;
				TARGETED_DEVICE_FAMILY = "1,2";
				TEST_TARGET_NAME = ToDoApp;
			};
			name = Release;
		};
/* End XCBuildConfiguration section */

/* Begin XCConfigurationList section */
		1F395D4D2A9A4143004461C4 /* Build configuration list for PBXProject "ToDoApp" */ = {
			isa = XCConfigurationList;
			buildConfigurations = (
				1F395D742A9A4145004461C4 /* Debug */,
				1F395D752A9A4145004461C4 /* Release */,
			);
			defaultConfigurationIsVisible = 0;
			defaultConfigurationName = Release;
		};
		1F395D762A9A4145004461C4 /* Build configuration list for PBXNativeTarget "ToDoApp" */ = {
			isa = XCConfigurationList;
			buildConfigurations = (
				1F395D772A9A4145004461C4 /* Debug */,
				1F395D782A9A4145004461C4 /* Release */,
			);
			defaultConfigurationIsVisible = 0;
			defaultConfigurationName = Release;
		};
		1F395D792A9A4145004461C4 /* Build configuration list for PBXNativeTarget "ToDoAppTests" */ = {
			isa = XCConfigurationList;
			buildConfigurations = (
				1F395D7A2A9A4145004461C4 /* Debug */,
				1F395D7B2A9A4145004461C4 /* Release */,
			);
			defaultConfigurationIsVisible = 0;
			defaultConfigurationName = Release;
		};
		1F395D7C2A9A4145004461C4 /* Build configuration list for PBXNativeTarget "ToDoAppUITests" */ = {
			isa = XCConfigurationList;
			buildConfigurations = (
				1F395D7D2A9A4145004461C4 /* Debug */,
				1F395D7E2A9A4145004461C4 /* Release */,
			);
			defaultConfigurationIsVisible = 0;
			defaultConfigurationName = Release;
		};
/* End XCConfigurationList section */

/* Begin XCRemoteSwiftPackageReference section */
		1FCA07852A9C202700B62B3C /* XCRemoteSwiftPackageReference "firebase-ios-sdk" */ = {
			isa = XCRemoteSwiftPackageReference;
			repositoryURL = "https://github.com/firebase/firebase-ios-sdk";
			requirement = {
				kind = upToNextMajorVersion;
				minimumVersion = 9.0.0;
			};
		};
/* End XCRemoteSwiftPackageReference section */

/* Begin XCSwiftPackageProductDependency section */
		1F16074C2A9D595000C751F2 /* FirebaseFirestoreSwift */ = {
			isa = XCSwiftPackageProductDependency;
			package = 1FCA07852A9C202700B62B3C /* XCRemoteSwiftPackageReference "firebase-ios-sdk" */;
			productName = FirebaseFirestoreSwift;
		};
		1FCA07892A9C319F00B62B3C /* FirebaseFirestore */ = {
			isa = XCSwiftPackageProductDependency;
			package = 1FCA07852A9C202700B62B3C /* XCRemoteSwiftPackageReference "firebase-ios-sdk" */;
			productName = FirebaseFirestore;
		};
		1FCA078B2A9C321D00B62B3C /* FirebaseAuth */ = {
			isa = XCSwiftPackageProductDependency;
			package = 1FCA07852A9C202700B62B3C /* XCRemoteSwiftPackageReference "firebase-ios-sdk" */;
			productName = FirebaseAuth;
		};
/* End XCSwiftPackageProductDependency section */
	};
	rootObject = 1F395D4A2A9A4143004461C4 /* Project object */;
}
